
Microsoft Visual Studio Solution File, Format Version 12.00
# Visual Studio Version 16
VisualStudioVersion = 16.0.30907.101
MinimumVisualStudioVersion = 10.0.40219.1
Project("{FAE04EC0-301F-11D3-BF4B-00C04F79EFBC}") = "FontAwesome", "FontAwesome\FontAwesome.csproj", "{E9A71BD8-2460-4E70-83B5-F8598B669946}"
EndProject
Global
	GlobalSection(SolutionConfigurationPlatforms) = preSolution
		Debug|Any CPU = Debug|Any CPU
		Release|Any CPU = Release|Any CPU
	EndGlobalSection
	GlobalSection(ProjectConfigurationPlatforms) = postSolution
		{E9A71BD8-2460-4E70-83B5-F8598B669946}.Debug|Any CPU.ActiveCfg = Debug|Any CPU
		{E9A71BD8-2460-4E70-83B5-F8598B669946}.Debug|Any CPU.Build.0 = Debug|Any CPU
		{E9A71BD8-2460-4E70-83B5-F8598B669946}.Release|Any CPU.ActiveCfg = Release|Any CPU
		{E9A71BD8-2460-4E70-83B5-F8598B669946}.Release|Any CPU.Build.0 = Release|Any CPU
	EndGlobalSection
	GlobalSection(SolutionProperties) = preSolution
		HideSolutionNode = FALSE
	EndGlobalSection
	GlobalSection(ExtensibilityGlobals) = postSolution
		SolutionGuid = {1ABD3F0D-932B-42F6-9C48-2ADBAF5CC52E}
	EndGlobalSection
EndGlobal
